
Microsoft Visual Studio Solution File, Format Version 12.00
# Visual Studio Version 17
VisualStudioVersion = 17.4.32916.344
MinimumVisualStudioVersion = 10.0.40219.1
Project("{9A19103F-16F7-4668-BE54-9A1E7A4F7556}") = "ApacheTech.VintageMods.Schematica", "src\ApacheTech.VintageMods.Schematica\ApacheTech.VintageMods.Schematica.csproj", "{0657D011-CE10-43E1-A235-550ADFF352AF}"
EndProject
Project("{2150E333-8FDC-42A3-9474-1A3956D46DE8}") = "Source", "Source", "{C6845FFA-B6F7-4F39-B962-40FE5B7A1E42}"
EndProject
Project("{2150E333-8FDC-42A3-9474-1A3956D46DE8}") = "Test Suite", "Test Suite", "{54454CB6-6546-4367-9ED2-155B55E02BF8}"
EndProject
Project("{2150E333-8FDC-42A3-9474-1A3956D46DE8}") = "Launcher", "Launcher", "{80BB867F-6498-4422-9315-E2F6D80B8777}"
EndProject
Project("{2150E333-8FDC-42A3-9474-1A3956D46DE8}") = "Properties", "Properties", "{A792DF70-4C25-4F85-BD6A-B3BF84A8E134}"
	ProjectSection(SolutionItems) = preProject
		src\Directory.Build.props = src\Directory.Build.props
		src\Directory.Build.targets = src\Directory.Build.targets
	EndProjectSection
EndProject
Project("{9A19103F-16F7-4668-BE54-9A1E7A4F7556}") = "ApacheTech.VintageMods.Schematica.Tests.Unit", "tests\ApacheTech.VintageMods.Schematica.Tests.Unit\ApacheTech.VintageMods.Schematica.Tests.Unit.csproj", "{C077ED23-06C2-410D-8C7F-BA76F1A1B6D1}"
EndProject
Project("{9A19103F-16F7-4668-BE54-9A1E7A4F7556}") = "ApacheTech.VintageMods.Schematica.Tests.Benchmarks", "tests\ApacheTech.VintageMods.Schematica.Tests.Benchmarks\ApacheTech.VintageMods.Schematica.Tests.Benchmarks.csproj", "{2D5B1460-A9FA-48FE-8E7F-0A9F5DAB4D8F}"
EndProject
Global
	GlobalSection(SolutionConfigurationPlatforms) = preSolution
		Debug|Any CPU = Debug|Any CPU
		Launch Server|Any CPU = Launch Server|Any CPU
		Package|Any CPU = Package|Any CPU
		Release|Any CPU = Release|Any CPU
		Unit Test|Any CPU = Unit Test|Any CPU
	EndGlobalSection
	GlobalSection(ProjectConfigurationPlatforms) = postSolution
		{0657D011-CE10-43E1-A235-550ADFF352AF}.Debug|Any CPU.ActiveCfg = Debug|Any CPU
		{0657D011-CE10-43E1-A235-550ADFF352AF}.Debug|Any CPU.Build.0 = Debug|Any CPU
		{0657D011-CE10-43E1-A235-550ADFF352AF}.Launch Server|Any CPU.ActiveCfg = Debug|Any CPU
		{0657D011-CE10-43E1-A235-550ADFF352AF}.Launch Server|Any CPU.Build.0 = Debug|Any CPU
		{0657D011-CE10-43E1-A235-550ADFF352AF}.Package|Any CPU.ActiveCfg = Debug|Any CPU
		{0657D011-CE10-43E1-A235-550ADFF352AF}.Package|Any CPU.Build.0 = Debug|Any CPU
		{0657D011-CE10-43E1-A235-550ADFF352AF}.Release|Any CPU.ActiveCfg = Release|Any CPU
		{0657D011-CE10-43E1-A235-550ADFF352AF}.Release|Any CPU.Build.0 = Release|Any CPU
		{0657D011-CE10-43E1-A235-550ADFF352AF}.Unit Test|Any CPU.ActiveCfg = Package|Any CPU
		{0657D011-CE10-43E1-A235-550ADFF352AF}.Unit Test|Any CPU.Build.0 = Package|Any CPU
		{C077ED23-06C2-410D-8C7F-BA76F1A1B6D1}.Debug|Any CPU.ActiveCfg = Debug|Any CPU
		{C077ED23-06C2-410D-8C7F-BA76F1A1B6D1}.Debug|Any CPU.Build.0 = Debug|Any CPU
		{C077ED23-06C2-410D-8C7F-BA76F1A1B6D1}.Launch Server|Any CPU.ActiveCfg = Debug|Any CPU
		{C077ED23-06C2-410D-8C7F-BA76F1A1B6D1}.Launch Server|Any CPU.Build.0 = Debug|Any CPU
		{C077ED23-06C2-410D-8C7F-BA76F1A1B6D1}.Package|Any CPU.ActiveCfg = Debug|Any CPU
		{C077ED23-06C2-410D-8C7F-BA76F1A1B6D1}.Package|Any CPU.Build.0 = Debug|Any CPU
		{C077ED23-06C2-410D-8C7F-BA76F1A1B6D1}.Release|Any CPU.ActiveCfg = Release|Any CPU
		{C077ED23-06C2-410D-8C7F-BA76F1A1B6D1}.Release|Any CPU.Build.0 = Release|Any CPU
		{C077ED23-06C2-410D-8C7F-BA76F1A1B6D1}.Unit Test|Any CPU.ActiveCfg = Release|Any CPU
		{C077ED23-06C2-410D-8C7F-BA76F1A1B6D1}.Unit Test|Any CPU.Build.0 = Release|Any CPU
		{2D5B1460-A9FA-48FE-8E7F-0A9F5DAB4D8F}.Debug|Any CPU.ActiveCfg = Debug|Any CPU
		{2D5B1460-A9FA-48FE-8E7F-0A9F5DAB4D8F}.Debug|Any CPU.Build.0 = Debug|Any CPU
		{2D5B1460-A9FA-48FE-8E7F-0A9F5DAB4D8F}.Launch Server|Any CPU.ActiveCfg = Debug|Any CPU
		{2D5B1460-A9FA-48FE-8E7F-0A9F5DAB4D8F}.Launch Server|Any CPU.Build.0 = Debug|Any CPU
		{2D5B1460-A9FA-48FE-8E7F-0A9F5DAB4D8F}.Package|Any CPU.ActiveCfg = Debug|Any CPU
		{2D5B1460-A9FA-48FE-8E7F-0A9F5DAB4D8F}.Package|Any CPU.Build.0 = Debug|Any CPU
		{2D5B1460-A9FA-48FE-8E7F-0A9F5DAB4D8F}.Release|Any CPU.ActiveCfg = Release|Any CPU
		{2D5B1460-A9FA-48FE-8E7F-0A9F5DAB4D8F}.Release|Any CPU.Build.0 = Release|Any CPU
		{2D5B1460-A9FA-48FE-8E7F-0A9F5DAB4D8F}.Unit Test|Any CPU.ActiveCfg = Release|Any CPU
		{2D5B1460-A9FA-48FE-8E7F-0A9F5DAB4D8F}.Unit Test|Any CPU.Build.0 = Release|Any CPU
	EndGlobalSection
	GlobalSection(SolutionProperties) = preSolution
		HideSolutionNode = FALSE
	EndGlobalSection
	GlobalSection(NestedProjects) = preSolution
		{0657D011-CE10-43E1-A235-550ADFF352AF} = {C6845FFA-B6F7-4F39-B962-40FE5B7A1E42}
		{A792DF70-4C25-4F85-BD6A-B3BF84A8E134} = {C6845FFA-B6F7-4F39-B962-40FE5B7A1E42}
		{C077ED23-06C2-410D-8C7F-BA76F1A1B6D1} = {54454CB6-6546-4367-9ED2-155B55E02BF8}
		{2D5B1460-A9FA-48FE-8E7F-0A9F5DAB4D8F} = {54454CB6-6546-4367-9ED2-155B55E02BF8}
	EndGlobalSection
	GlobalSection(ExtensibilityGlobals) = postSolution
		SolutionGuid = {76A22629-7971-4DC6-8CBE-00DBB59DF0C1}
	EndGlobalSection
EndGlobal
